// !$*UTF8*$!
{
	archiveVersion = 1;
	classes = {
	};
	objectVersion = 51;
	objects = {

/* Begin PBXBuildFile section */
		84793C2E238C508600441E71 /* APIManager.swift in Sources */ = {isa = PBXBuildFile; fileRef = 84793C2D238C508600441E71 /* APIManager.swift */; };
		84793C30238C5E7600441E71 /* Constants.swift in Sources */ = {isa = PBXBuildFile; fileRef = 84793C2F238C5E7600441E71 /* Constants.swift */; };
		848A0F8F238A9C8100291110 /* PaymentViewController.swift in Sources */ = {isa = PBXBuildFile; fileRef = 848A0F8E238A9C8100291110 /* PaymentViewController.swift */; };
		848A0F91238AB56300291110 /* OrderViewController.swift in Sources */ = {isa = PBXBuildFile; fileRef = 848A0F90238AB56300291110 /* OrderViewController.swift */; };
		848A945923872CA600BA4C98 /* TrayViewController.swift in Sources */ = {isa = PBXBuildFile; fileRef = 848A945823872CA600BA4C98 /* TrayViewController.swift */; };
		848A945D23872F0900BA4C98 /* MapKit.framework in Frameworks */ = {isa = PBXBuildFile; fileRef = 848A945B23872EF700BA4C98 /* MapKit.framework */; };
		84A9AFF2238AFA49005C44A0 /* FBManager.swift in Sources */ = {isa = PBXBuildFile; fileRef = 84A9AFF1238AFA49005C44A0 /* FBManager.swift */; };
		84A9AFF4238B0126005C44A0 /* LoginViewController.swift in Sources */ = {isa = PBXBuildFile; fileRef = 84A9AFF3238B0126005C44A0 /* LoginViewController.swift */; };
		84A9AFF6238B2C38005C44A0 /* User.swift in Sources */ = {isa = PBXBuildFile; fileRef = 84A9AFF5238B2C38005C44A0 /* User.swift */; };
		84EBE033238172050076A0EB /* AppDelegate.swift in Sources */ = {isa = PBXBuildFile; fileRef = 84EBE032238172050076A0EB /* AppDelegate.swift */; };
		84EBE035238172050076A0EB /* SceneDelegate.swift in Sources */ = {isa = PBXBuildFile; fileRef = 84EBE034238172050076A0EB /* SceneDelegate.swift */; };
		84EBE03A238172050076A0EB /* Main.storyboard in Resources */ = {isa = PBXBuildFile; fileRef = 84EBE038238172050076A0EB /* Main.storyboard */; };
		84EBE03C238172060076A0EB /* Assets.xcassets in Resources */ = {isa = PBXBuildFile; fileRef = 84EBE03B238172060076A0EB /* Assets.xcassets */; };
		84EBE03F238172060076A0EB /* LaunchScreen.storyboard in Resources */ = {isa = PBXBuildFile; fileRef = 84EBE03D238172060076A0EB /* LaunchScreen.storyboard */; };
		84EBE04A238172060076A0EB /* FoodTaskerMobileTests.swift in Sources */ = {isa = PBXBuildFile; fileRef = 84EBE049238172060076A0EB /* FoodTaskerMobileTests.swift */; };
		84EBE055238172060076A0EB /* FoodTaskerMobileUITests.swift in Sources */ = {isa = PBXBuildFile; fileRef = 84EBE054238172060076A0EB /* FoodTaskerMobileUITests.swift */; };
		84EBE065238321DD0076A0EB /* SWRevealViewController.m in Sources */ = {isa = PBXBuildFile; fileRef = 84EBE064238321DD0076A0EB /* SWRevealViewController.m */; };
		84EBE068238483370076A0EB /* RestaurantViewController.swift in Sources */ = {isa = PBXBuildFile; fileRef = 84EBE067238483370076A0EB /* RestaurantViewController.swift */; };
		84EBE06A23848C040076A0EB /* CustomerMenuViewController.swift in Sources */ = {isa = PBXBuildFile; fileRef = 84EBE06923848C040076A0EB /* CustomerMenuViewController.swift */; };
		84EBE06C2385CD6A0076A0EB /* MealListTableViewController.swift in Sources */ = {isa = PBXBuildFile; fileRef = 84EBE06B2385CD6A0076A0EB /* MealListTableViewController.swift */; };
		84EBE06E2385DC8D0076A0EB /* MealDetailsViewController.swift in Sources */ = {isa = PBXBuildFile; fileRef = 84EBE06D2385DC8D0076A0EB /* MealDetailsViewController.swift */; };
		941AFF652A174B3BA5FCE252 /* Pods_FoodTaskerMobileTests.framework in Frameworks */ = {isa = PBXBuildFile; fileRef = F64C20CFC350FC966A894833 /* Pods_FoodTaskerMobileTests.framework */; };
		E772714027E1C3BDBE0910A8 /* Pods_FoodTaskerMobile_FoodTaskerMobileUITests.framework in Frameworks */ = {isa = PBXBuildFile; fileRef = 2FB151B546771CDC304791E3 /* Pods_FoodTaskerMobile_FoodTaskerMobileUITests.framework */; };
		ECACFC6545FC567B4E873D95 /* Pods_FoodTaskerMobile.framework in Frameworks */ = {isa = PBXBuildFile; fileRef = F48B334550EC80DC3581A6D6 /* Pods_FoodTaskerMobile.framework */; };
/* End PBXBuildFile section */

/* Begin PBXContainerItemProxy section */
		84EBE046238172060076A0EB /* PBXContainerItemProxy */ = {
			isa = PBXContainerItemProxy;
			containerPortal = 84EBE027238172050076A0EB /* Project object */;
			proxyType = 1;
			remoteGlobalIDString = 84EBE02E238172050076A0EB;
			remoteInfo = FoodTaskerMobile;
		};
		84EBE051238172060076A0EB /* PBXContainerItemProxy */ = {
			isa = PBXContainerItemProxy;
			containerPortal = 84EBE027238172050076A0EB /* Project object */;
			proxyType = 1;
			remoteGlobalIDString = 84EBE02E238172050076A0EB;
			remoteInfo = FoodTaskerMobile;
		};
/* End PBXContainerItemProxy section */

/* Begin PBXFileReference section */
		0EEF4848B812B1CB0EFD3D51 /* Pods-FoodTaskerMobileTests.debug.xcconfig */ = {isa = PBXFileReference; includeInIndex = 1; lastKnownFileType = text.xcconfig; name = "Pods-FoodTaskerMobileTests.debug.xcconfig"; path = "Target Support Files/Pods-FoodTaskerMobileTests/Pods-FoodTaskerMobileTests.debug.xcconfig"; sourceTree = "<group>"; };
		2FB151B546771CDC304791E3 /* Pods_FoodTaskerMobile_FoodTaskerMobileUITests.framework */ = {isa = PBXFileReference; explicitFileType = wrapper.framework; includeInIndex = 0; path = Pods_FoodTaskerMobile_FoodTaskerMobileUITests.framework; sourceTree = BUILT_PRODUCTS_DIR; };
		3A333E213AA4EE2E11074FF1 /* Pods-FoodTaskerMobileTests.release.xcconfig */ = {isa = PBXFileReference; includeInIndex = 1; lastKnownFileType = text.xcconfig; name = "Pods-FoodTaskerMobileTests.release.xcconfig"; path = "Target Support Files/Pods-FoodTaskerMobileTests/Pods-FoodTaskerMobileTests.release.xcconfig"; sourceTree = "<group>"; };
		5AFB7A5F15C1C6EE94C77C79 /* Pods-FoodTaskerMobile.release.xcconfig */ = {isa = PBXFileReference; includeInIndex = 1; lastKnownFileType = text.xcconfig; name = "Pods-FoodTaskerMobile.release.xcconfig"; path = "Target Support Files/Pods-FoodTaskerMobile/Pods-FoodTaskerMobile.release.xcconfig"; sourceTree = "<group>"; };
		6470FA2743EA1C383BF75B81 /* Pods-FoodTaskerMobile.debug.xcconfig */ = {isa = PBXFileReference; includeInIndex = 1; lastKnownFileType = text.xcconfig; name = "Pods-FoodTaskerMobile.debug.xcconfig"; path = "Target Support Files/Pods-FoodTaskerMobile/Pods-FoodTaskerMobile.debug.xcconfig"; sourceTree = "<group>"; };
		84793C2D238C508600441E71 /* APIManager.swift */ = {isa = PBXFileReference; lastKnownFileType = sourcecode.swift; path = APIManager.swift; sourceTree = "<group>"; };
		84793C2F238C5E7600441E71 /* Constants.swift */ = {isa = PBXFileReference; lastKnownFileType = sourcecode.swift; path = Constants.swift; sourceTree = "<group>"; };
		848A0F8E238A9C8100291110 /* PaymentViewController.swift */ = {isa = PBXFileReference; lastKnownFileType = sourcecode.swift; path = PaymentViewController.swift; sourceTree = "<group>"; };
		848A0F90238AB56300291110 /* OrderViewController.swift */ = {isa = PBXFileReference; lastKnownFileType = sourcecode.swift; path = OrderViewController.swift; sourceTree = "<group>"; };
		848A945823872CA600BA4C98 /* TrayViewController.swift */ = {isa = PBXFileReference; lastKnownFileType = sourcecode.swift; path = TrayViewController.swift; sourceTree = "<group>"; };
		848A945B23872EF700BA4C98 /* MapKit.framework */ = {isa = PBXFileReference; lastKnownFileType = wrapper.framework; name = MapKit.framework; path = System/Library/Frameworks/MapKit.framework; sourceTree = SDKROOT; };
		84A9AFF0238AED20005C44A0 /* FoodTaskerMobileDebug.entitlements */ = {isa = PBXFileReference; lastKnownFileType = text.plist.entitlements; path = FoodTaskerMobileDebug.entitlements; sourceTree = "<group>"; };
		84A9AFF1238AFA49005C44A0 /* FBManager.swift */ = {isa = PBXFileReference; lastKnownFileType = sourcecode.swift; path = FBManager.swift; sourceTree = "<group>"; };
		84A9AFF3238B0126005C44A0 /* LoginViewController.swift */ = {isa = PBXFileReference; lastKnownFileType = sourcecode.swift; path = LoginViewController.swift; sourceTree = "<group>"; };
		84A9AFF5238B2C38005C44A0 /* User.swift */ = {isa = PBXFileReference; lastKnownFileType = sourcecode.swift; path = User.swift; sourceTree = "<group>"; };
		84EBE02F238172050076A0EB /* FoodTaskerMobile.app */ = {isa = PBXFileReference; explicitFileType = wrapper.application; includeInIndex = 0; path = FoodTaskerMobile.app; sourceTree = BUILT_PRODUCTS_DIR; };
		84EBE032238172050076A0EB /* AppDelegate.swift */ = {isa = PBXFileReference; lastKnownFileType = sourcecode.swift; path = AppDelegate.swift; sourceTree = "<group>"; };
		84EBE034238172050076A0EB /* SceneDelegate.swift */ = {isa = PBXFileReference; lastKnownFileType = sourcecode.swift; path = SceneDelegate.swift; sourceTree = "<group>"; };
		84EBE039238172050076A0EB /* Base */ = {isa = PBXFileReference; lastKnownFileType = file.storyboard; name = Base; path = Base.lproj/Main.storyboard; sourceTree = "<group>"; };
		84EBE03B238172060076A0EB /* Assets.xcassets */ = {isa = PBXFileReference; lastKnownFileType = folder.assetcatalog; path = Assets.xcassets; sourceTree = "<group>"; };
		84EBE03E238172060076A0EB /* Base */ = {isa = PBXFileReference; lastKnownFileType = file.storyboard; name = Base; path = Base.lproj/LaunchScreen.storyboard; sourceTree = "<group>"; };
		84EBE040238172060076A0EB /* Info.plist */ = {isa = PBXFileReference; lastKnownFileType = text.plist.xml; path = Info.plist; sourceTree = "<group>"; };
		84EBE045238172060076A0EB /* FoodTaskerMobileTests.xctest */ = {isa = PBXFileReference; explicitFileType = wrapper.cfbundle; includeInIndex = 0; path = FoodTaskerMobileTests.xctest; sourceTree = BUILT_PRODUCTS_DIR; };
		84EBE049238172060076A0EB /* FoodTaskerMobileTests.swift */ = {isa = PBXFileReference; lastKnownFileType = sourcecode.swift; path = FoodTaskerMobileTests.swift; sourceTree = "<group>"; };
		84EBE04B238172060076A0EB /* Info.plist */ = {isa = PBXFileReference; lastKnownFileType = text.plist.xml; path = Info.plist; sourceTree = "<group>"; };
		84EBE050238172060076A0EB /* FoodTaskerMobileUITests.xctest */ = {isa = PBXFileReference; explicitFileType = wrapper.cfbundle; includeInIndex = 0; path = FoodTaskerMobileUITests.xctest; sourceTree = BUILT_PRODUCTS_DIR; };
		84EBE054238172060076A0EB /* FoodTaskerMobileUITests.swift */ = {isa = PBXFileReference; lastKnownFileType = sourcecode.swift; path = FoodTaskerMobileUITests.swift; sourceTree = "<group>"; };
		84EBE056238172060076A0EB /* Info.plist */ = {isa = PBXFileReference; lastKnownFileType = text.plist.xml; path = Info.plist; sourceTree = "<group>"; };
		84EBE062238321DC0076A0EB /* FoodTaskerMobile-Bridging-Header.h */ = {isa = PBXFileReference; lastKnownFileType = sourcecode.c.h; path = "FoodTaskerMobile-Bridging-Header.h"; sourceTree = "<group>"; };
		84EBE063238321DD0076A0EB /* SWRevealViewController.h */ = {isa = PBXFileReference; fileEncoding = 4; lastKnownFileType = sourcecode.c.h; path = SWRevealViewController.h; sourceTree = "<group>"; };
		84EBE064238321DD0076A0EB /* SWRevealViewController.m */ = {isa = PBXFileReference; fileEncoding = 4; lastKnownFileType = sourcecode.c.objc; path = SWRevealViewController.m; sourceTree = "<group>"; };
		84EBE067238483370076A0EB /* RestaurantViewController.swift */ = {isa = PBXFileReference; lastKnownFileType = sourcecode.swift; path = RestaurantViewController.swift; sourceTree = "<group>"; };
		84EBE06923848C040076A0EB /* CustomerMenuViewController.swift */ = {isa = PBXFileReference; lastKnownFileType = sourcecode.swift; path = CustomerMenuViewController.swift; sourceTree = "<group>"; };
		84EBE06B2385CD6A0076A0EB /* MealListTableViewController.swift */ = {isa = PBXFileReference; lastKnownFileType = sourcecode.swift; path = MealListTableViewController.swift; sourceTree = "<group>"; };
		84EBE06D2385DC8D0076A0EB /* MealDetailsViewController.swift */ = {isa = PBXFileReference; lastKnownFileType = sourcecode.swift; path = MealDetailsViewController.swift; sourceTree = "<group>"; };
		D7533C04250530A678E699A0 /* Pods-FoodTaskerMobile-FoodTaskerMobileUITests.release.xcconfig */ = {isa = PBXFileReference; includeInIndex = 1; lastKnownFileType = text.xcconfig; name = "Pods-FoodTaskerMobile-FoodTaskerMobileUITests.release.xcconfig"; path = "Target Support Files/Pods-FoodTaskerMobile-FoodTaskerMobileUITests/Pods-FoodTaskerMobile-FoodTaskerMobileUITests.release.xcconfig"; sourceTree = "<group>"; };
		F48B334550EC80DC3581A6D6 /* Pods_FoodTaskerMobile.framework */ = {isa = PBXFileReference; explicitFileType = wrapper.framework; includeInIndex = 0; path = Pods_FoodTaskerMobile.framework; sourceTree = BUILT_PRODUCTS_DIR; };
		F64C20CFC350FC966A894833 /* Pods_FoodTaskerMobileTests.framework */ = {isa = PBXFileReference; explicitFileType = wrapper.framework; includeInIndex = 0; path = Pods_FoodTaskerMobileTests.framework; sourceTree = BUILT_PRODUCTS_DIR; };
		F7B431559D17242E80B12220 /* Pods-FoodTaskerMobile-FoodTaskerMobileUITests.debug.xcconfig */ = {isa = PBXFileReference; includeInIndex = 1; lastKnownFileType = text.xcconfig; name = "Pods-FoodTaskerMobile-FoodTaskerMobileUITests.debug.xcconfig"; path = "Target Support Files/Pods-FoodTaskerMobile-FoodTaskerMobileUITests/Pods-FoodTaskerMobile-FoodTaskerMobileUITests.debug.xcconfig"; sourceTree = "<group>"; };
/* End PBXFileReference section */

/* Begin PBXFrameworksBuildPhase section */
		84EBE02C238172050076A0EB /* Frameworks */ = {
			isa = PBXFrameworksBuildPhase;
			buildActionMask = 2147483647;
			files = (
				848A945D23872F0900BA4C98 /* MapKit.framework in Frameworks */,
				ECACFC6545FC567B4E873D95 /* Pods_FoodTaskerMobile.framework in Frameworks */,
			);
			runOnlyForDeploymentPostprocessing = 0;
		};
		84EBE042238172060076A0EB /* Frameworks */ = {
			isa = PBXFrameworksBuildPhase;
			buildActionMask = 2147483647;
			files = (
				941AFF652A174B3BA5FCE252 /* Pods_FoodTaskerMobileTests.framework in Frameworks */,
			);
			runOnlyForDeploymentPostprocessing = 0;
		};
		84EBE04D238172060076A0EB /* Frameworks */ = {
			isa = PBXFrameworksBuildPhase;
			buildActionMask = 2147483647;
			files = (
				E772714027E1C3BDBE0910A8 /* Pods_FoodTaskerMobile_FoodTaskerMobileUITests.framework in Frameworks */,
			);
			runOnlyForDeploymentPostprocessing = 0;
		};
/* End PBXFrameworksBuildPhase section */

/* Begin PBXGroup section */
		4F8BE4A9095F8FF60B0B1DCD /* Pods */ = {
			isa = PBXGroup;
			children = (
				6470FA2743EA1C383BF75B81 /* Pods-FoodTaskerMobile.debug.xcconfig */,
				5AFB7A5F15C1C6EE94C77C79 /* Pods-FoodTaskerMobile.release.xcconfig */,
				F7B431559D17242E80B12220 /* Pods-FoodTaskerMobile-FoodTaskerMobileUITests.debug.xcconfig */,
				D7533C04250530A678E699A0 /* Pods-FoodTaskerMobile-FoodTaskerMobileUITests.release.xcconfig */,
				0EEF4848B812B1CB0EFD3D51 /* Pods-FoodTaskerMobileTests.debug.xcconfig */,
				3A333E213AA4EE2E11074FF1 /* Pods-FoodTaskerMobileTests.release.xcconfig */,
			);
			path = Pods;
			sourceTree = "<group>";
		};
		84793C29238C4F7A00441E71 /* Model */ = {
			isa = PBXGroup;
			children = (
				84A9AFF5238B2C38005C44A0 /* User.swift */,
			);
			path = Model;
			sourceTree = "<group>";
		};
		84793C2A238C4FA900441E71 /* View */ = {
			isa = PBXGroup;
			children = (
			);
			path = View;
			sourceTree = "<group>";
		};
		84793C2B238C4FBB00441E71 /* Controller */ = {
			isa = PBXGroup;
			children = (
				84EBE067238483370076A0EB /* RestaurantViewController.swift */,
				84EBE06923848C040076A0EB /* CustomerMenuViewController.swift */,
				84EBE06B2385CD6A0076A0EB /* MealListTableViewController.swift */,
				84EBE06D2385DC8D0076A0EB /* MealDetailsViewController.swift */,
				848A945823872CA600BA4C98 /* TrayViewController.swift */,
				848A0F8E238A9C8100291110 /* PaymentViewController.swift */,
				848A0F90238AB56300291110 /* OrderViewController.swift */,
				84A9AFF3238B0126005C44A0 /* LoginViewController.swift */,
			);
			path = Controller;
			sourceTree = "<group>";
		};
		84793C2C238C4FD500441E71 /* Manager */ = {
			isa = PBXGroup;
			children = (
				84A9AFF1238AFA49005C44A0 /* FBManager.swift */,
				84793C2D238C508600441E71 /* APIManager.swift */,
				84793C2F238C5E7600441E71 /* Constants.swift */,
			);
			path = Manager;
			sourceTree = "<group>";
		};
		848A945A23872EF700BA4C98 /* Frameworks */ = {
			isa = PBXGroup;
			children = (
				848A945B23872EF700BA4C98 /* MapKit.framework */,
				F48B334550EC80DC3581A6D6 /* Pods_FoodTaskerMobile.framework */,
				2FB151B546771CDC304791E3 /* Pods_FoodTaskerMobile_FoodTaskerMobileUITests.framework */,
				F64C20CFC350FC966A894833 /* Pods_FoodTaskerMobileTests.framework */,
			);
			name = Frameworks;
			sourceTree = "<group>";
		};
		84EBE026238172050076A0EB = {
			isa = PBXGroup;
			children = (
				84EBE031238172050076A0EB /* FoodTaskerMobile */,
				84EBE048238172060076A0EB /* FoodTaskerMobileTests */,
				84EBE053238172060076A0EB /* FoodTaskerMobileUITests */,
				84EBE030238172050076A0EB /* Products */,
				848A945A23872EF700BA4C98 /* Frameworks */,
				4F8BE4A9095F8FF60B0B1DCD /* Pods */,
			);
			sourceTree = "<group>";
		};
		84EBE030238172050076A0EB /* Products */ = {
			isa = PBXGroup;
			children = (
				84EBE02F238172050076A0EB /* FoodTaskerMobile.app */,
				84EBE045238172060076A0EB /* FoodTaskerMobileTests.xctest */,
				84EBE050238172060076A0EB /* FoodTaskerMobileUITests.xctest */,
			);
			name = Products;
			sourceTree = "<group>";
		};
		84EBE031238172050076A0EB /* FoodTaskerMobile */ = {
			isa = PBXGroup;
			children = (
				84793C2C238C4FD500441E71 /* Manager */,
				84793C2B238C4FBB00441E71 /* Controller */,
				84793C2A238C4FA900441E71 /* View */,
				84793C29238C4F7A00441E71 /* Model */,
				84EBE066238321FD0076A0EB /* Lib */,
				84EBE032238172050076A0EB /* AppDelegate.swift */,
				84A9AFF0238AED20005C44A0 /* FoodTaskerMobileDebug.entitlements */,
				84EBE034238172050076A0EB /* SceneDelegate.swift */,
				84EBE038238172050076A0EB /* Main.storyboard */,
				84EBE03B238172060076A0EB /* Assets.xcassets */,
				84EBE03D238172060076A0EB /* LaunchScreen.storyboard */,
				84EBE040238172060076A0EB /* Info.plist */,
			);
			path = FoodTaskerMobile;
			sourceTree = "<group>";
		};
		84EBE048238172060076A0EB /* FoodTaskerMobileTests */ = {
			isa = PBXGroup;
			children = (
				84EBE049238172060076A0EB /* FoodTaskerMobileTests.swift */,
				84EBE04B238172060076A0EB /* Info.plist */,
			);
			path = FoodTaskerMobileTests;
			sourceTree = "<group>";
		};
		84EBE053238172060076A0EB /* FoodTaskerMobileUITests */ = {
			isa = PBXGroup;
			children = (
				84EBE054238172060076A0EB /* FoodTaskerMobileUITests.swift */,
				84EBE056238172060076A0EB /* Info.plist */,
			);
			path = FoodTaskerMobileUITests;
			sourceTree = "<group>";
		};
		84EBE066238321FD0076A0EB /* Lib */ = {
			isa = PBXGroup;
			children = (
				84EBE063238321DD0076A0EB /* SWRevealViewController.h */,
				84EBE064238321DD0076A0EB /* SWRevealViewController.m */,
				84EBE062238321DC0076A0EB /* FoodTaskerMobile-Bridging-Header.h */,
			);
			path = Lib;
			sourceTree = "<group>";
		};
/* End PBXGroup section */

/* Begin PBXNativeTarget section */
		84EBE02E238172050076A0EB /* FoodTaskerMobile */ = {
			isa = PBXNativeTarget;
			buildConfigurationList = 84EBE059238172060076A0EB /* Build configuration list for PBXNativeTarget "FoodTaskerMobile" */;
			buildPhases = (
				7972FA78D492EEA8CBBBE75C /* [CP] Check Pods Manifest.lock */,
				84EBE02B238172050076A0EB /* Sources */,
				84EBE02C238172050076A0EB /* Frameworks */,
				84EBE02D238172050076A0EB /* Resources */,
				4EB67E7D522128D08C9FC741 /* [CP] Embed Pods Frameworks */,
			);
			buildRules = (
			);
			dependencies = (
			);
			name = FoodTaskerMobile;
			productName = FoodTaskerMobile;
			productReference = 84EBE02F238172050076A0EB /* FoodTaskerMobile.app */;
			productType = "com.apple.product-type.application";
		};
		84EBE044238172060076A0EB /* FoodTaskerMobileTests */ = {
			isa = PBXNativeTarget;
			buildConfigurationList = 84EBE05C238172060076A0EB /* Build configuration list for PBXNativeTarget "FoodTaskerMobileTests" */;
			buildPhases = (
				AEEA07D20AA74081F6DD8B3F /* [CP] Check Pods Manifest.lock */,
				84EBE041238172060076A0EB /* Sources */,
				84EBE042238172060076A0EB /* Frameworks */,
				84EBE043238172060076A0EB /* Resources */,
			);
			buildRules = (
			);
			dependencies = (
				84EBE047238172060076A0EB /* PBXTargetDependency */,
			);
			name = FoodTaskerMobileTests;
			productName = FoodTaskerMobileTests;
			productReference = 84EBE045238172060076A0EB /* FoodTaskerMobileTests.xctest */;
			productType = "com.apple.product-type.bundle.unit-test";
		};
		84EBE04F238172060076A0EB /* FoodTaskerMobileUITests */ = {
			isa = PBXNativeTarget;
			buildConfigurationList = 84EBE05F238172060076A0EB /* Build configuration list for PBXNativeTarget "FoodTaskerMobileUITests" */;
			buildPhases = (
				BB6E1868B9BA51BDF78187A9 /* [CP] Check Pods Manifest.lock */,
				84EBE04C238172060076A0EB /* Sources */,
				84EBE04D238172060076A0EB /* Frameworks */,
				84EBE04E238172060076A0EB /* Resources */,
				342EBD24F10C5050B2050332 /* [CP] Embed Pods Frameworks */,
			);
			buildRules = (
			);
			dependencies = (
				84EBE052238172060076A0EB /* PBXTargetDependency */,
			);
			name = FoodTaskerMobileUITests;
			productName = FoodTaskerMobileUITests;
			productReference = 84EBE050238172060076A0EB /* FoodTaskerMobileUITests.xctest */;
			productType = "com.apple.product-type.bundle.ui-testing";
		};
/* End PBXNativeTarget section */

/* Begin PBXProject section */
		84EBE027238172050076A0EB /* Project object */ = {
			isa = PBXProject;
			attributes = {
				LastSwiftUpdateCheck = 1120;
				LastUpgradeCheck = 1120;
				ORGANIZATIONNAME = Dylan;
				TargetAttributes = {
					84EBE02E238172050076A0EB = {
						CreatedOnToolsVersion = 11.2.1;
						LastSwiftMigration = 1120;
					};
					84EBE044238172060076A0EB = {
						CreatedOnToolsVersion = 11.2.1;
						TestTargetID = 84EBE02E238172050076A0EB;
					};
					84EBE04F238172060076A0EB = {
						CreatedOnToolsVersion = 11.2.1;
						TestTargetID = 84EBE02E238172050076A0EB;
					};
				};
			};
			buildConfigurationList = 84EBE02A238172050076A0EB /* Build configuration list for PBXProject "FoodTaskerMobile" */;
			compatibilityVersion = "Xcode 9.3";
			developmentRegion = en;
			hasScannedForEncodings = 0;
			knownRegions = (
				en,
				Base,
			);
			mainGroup = 84EBE026238172050076A0EB;
			productRefGroup = 84EBE030238172050076A0EB /* Products */;
			projectDirPath = "";
			projectRoot = "";
			targets = (
				84EBE02E238172050076A0EB /* FoodTaskerMobile */,
				84EBE044238172060076A0EB /* FoodTaskerMobileTests */,
				84EBE04F238172060076A0EB /* FoodTaskerMobileUITests */,
			);
		};
/* End PBXProject section */

/* Begin PBXResourcesBuildPhase section */
		84EBE02D238172050076A0EB /* Resources */ = {
			isa = PBXResourcesBuildPhase;
			buildActionMask = 2147483647;
			files = (
				84EBE03F238172060076A0EB /* LaunchScreen.storyboard in Resources */,
				84EBE03C238172060076A0EB /* Assets.xcassets in Resources */,
				84EBE03A238172050076A0EB /* Main.storyboard in Resources */,
			);
			runOnlyForDeploymentPostprocessing = 0;
		};
		84EBE043238172060076A0EB /* Resources */ = {
			isa = PBXResourcesBuildPhase;
			buildActionMask = 2147483647;
			files = (
			);
			runOnlyForDeploymentPostprocessing = 0;
		};
		84EBE04E238172060076A0EB /* Resources */ = {
			isa = PBXResourcesBuildPhase;
			buildActionMask = 2147483647;
			files = (
			);
			runOnlyForDeploymentPostprocessing = 0;
		};
/* End PBXResourcesBuildPhase section */

/* Begin PBXShellScriptBuildPhase section */
		342EBD24F10C5050B2050332 /* [CP] Embed Pods Frameworks */ = {
			isa = PBXShellScriptBuildPhase;
			buildActionMask = 2147483647;
			files = (
			);
			inputFileListPaths = (
				"${PODS_ROOT}/Target Support Files/Pods-FoodTaskerMobile-FoodTaskerMobileUITests/Pods-FoodTaskerMobile-FoodTaskerMobileUITests-frameworks-${CONFIGURATION}-input-files.xcfilelist",
			);
			name = "[CP] Embed Pods Frameworks";
			outputFileListPaths = (
				"${PODS_ROOT}/Target Support Files/Pods-FoodTaskerMobile-FoodTaskerMobileUITests/Pods-FoodTaskerMobile-FoodTaskerMobileUITests-frameworks-${CONFIGURATION}-output-files.xcfilelist",
			);
			runOnlyForDeploymentPostprocessing = 0;
			shellPath = /bin/sh;
			shellScript = "\"${PODS_ROOT}/Target Support Files/Pods-FoodTaskerMobile-FoodTaskerMobileUITests/Pods-FoodTaskerMobile-FoodTaskerMobileUITests-frameworks.sh\"\n";
			showEnvVarsInLog = 0;
		};
		4EB67E7D522128D08C9FC741 /* [CP] Embed Pods Frameworks */ = {
			isa = PBXShellScriptBuildPhase;
			buildActionMask = 2147483647;
			files = (
			);
			inputFileListPaths = (
				"${PODS_ROOT}/Target Support Files/Pods-FoodTaskerMobile/Pods-FoodTaskerMobile-frameworks-${CONFIGURATION}-input-files.xcfilelist",
			);
			name = "[CP] Embed Pods Frameworks";
			outputFileListPaths = (
				"${PODS_ROOT}/Target Support Files/Pods-FoodTaskerMobile/Pods-FoodTaskerMobile-frameworks-${CONFIGURATION}-output-files.xcfilelist",
			);
			runOnlyForDeploymentPostprocessing = 0;
			shellPath = /bin/sh;
			shellScript = "\"${PODS_ROOT}/Target Support Files/Pods-FoodTaskerMobile/Pods-FoodTaskerMobile-frameworks.sh\"\n";
			showEnvVarsInLog = 0;
		};
		7972FA78D492EEA8CBBBE75C /* [CP] Check Pods Manifest.lock */ = {
			isa = PBXShellScriptBuildPhase;
			buildActionMask = 2147483647;
			files = (
			);
			inputFileListPaths = (
			);
			inputPaths = (
				"${PODS_PODFILE_DIR_PATH}/Podfile.lock",
				"${PODS_ROOT}/Manifest.lock",
			);
			name = "[CP] Check Pods Manifest.lock";
			outputFileListPaths = (
			);
			outputPaths = (
				"$(DERIVED_FILE_DIR)/Pods-FoodTaskerMobile-checkManifestLockResult.txt",
			);
			runOnlyForDeploymentPostprocessing = 0;
			shellPath = /bin/sh;
			shellScript = "diff \"${PODS_PODFILE_DIR_PATH}/Podfile.lock\" \"${PODS_ROOT}/Manifest.lock\" > /dev/null\nif [ $? != 0 ] ; then\n    # print error to STDERR\n    echo \"error: The sandbox is not in sync with the Podfile.lock. Run 'pod install' or update your CocoaPods installation.\" >&2\n    exit 1\nfi\n# This output is used by Xcode 'outputs' to avoid re-running this script phase.\necho \"SUCCESS\" > \"${SCRIPT_OUTPUT_FILE_0}\"\n";
			showEnvVarsInLog = 0;
		};
		AEEA07D20AA74081F6DD8B3F /* [CP] Check Pods Manifest.lock */ = {
			isa = PBXShellScriptBuildPhase;
			buildActionMask = 2147483647;
			files = (
			);
			inputFileListPaths = (
			);
			inputPaths = (
				"${PODS_PODFILE_DIR_PATH}/Podfile.lock",
				"${PODS_ROOT}/Manifest.lock",
			);
			name = "[CP] Check Pods Manifest.lock";
			outputFileListPaths = (
			);
			outputPaths = (
				"$(DERIVED_FILE_DIR)/Pods-FoodTaskerMobileTests-checkManifestLockResult.txt",
			);
			runOnlyForDeploymentPostprocessing = 0;
			shellPath = /bin/sh;
			shellScript = "diff \"${PODS_PODFILE_DIR_PATH}/Podfile.lock\" \"${PODS_ROOT}/Manifest.lock\" > /dev/null\nif [ $? != 0 ] ; then\n    # print error to STDERR\n    echo \"error: The sandbox is not in sync with the Podfile.lock. Run 'pod install' or update your CocoaPods installation.\" >&2\n    exit 1\nfi\n# This output is used by Xcode 'outputs' to avoid re-running this script phase.\necho \"SUCCESS\" > \"${SCRIPT_OUTPUT_FILE_0}\"\n";
			showEnvVarsInLog = 0;
		};
		BB6E1868B9BA51BDF78187A9 /* [CP] Check Pods Manifest.lock */ = {
			isa = PBXShellScriptBuildPhase;
			buildActionMask = 2147483647;
			files = (
			);
			inputFileListPaths = (
			);
			inputPaths = (
				"${PODS_PODFILE_DIR_PATH}/Podfile.lock",
				"${PODS_ROOT}/Manifest.lock",
			);
			name = "[CP] Check Pods Manifest.lock";
			outputFileListPaths = (
			);
			outputPaths = (
				"$(DERIVED_FILE_DIR)/Pods-FoodTaskerMobile-FoodTaskerMobileUITests-checkManifestLockResult.txt",
			);
			runOnlyForDeploymentPostprocessing = 0;
			shellPath = /bin/sh;
			shellScript = "diff \"${PODS_PODFILE_DIR_PATH}/Podfile.lock\" \"${PODS_ROOT}/Manifest.lock\" > /dev/null\nif [ $? != 0 ] ; then\n    # print error to STDERR\n    echo \"error: The sandbox is not in sync with the Podfile.lock. Run 'pod install' or update your CocoaPods installation.\" >&2\n    exit 1\nfi\n# This output is used by Xcode 'outputs' to avoid re-running this script phase.\necho \"SUCCESS\" > \"${SCRIPT_OUTPUT_FILE_0}\"\n";
			showEnvVarsInLog = 0;
		};
/* End PBXShellScriptBuildPhase section */

/* Begin PBXSourcesBuildPhase section */
		84EBE02B238172050076A0EB /* Sources */ = {
			isa = PBXSourcesBuildPhase;
			buildActionMask = 2147483647;
			files = (
				84A9AFF6238B2C38005C44A0 /* User.swift in Sources */,
				84A9AFF4238B0126005C44A0 /* LoginViewController.swift in Sources */,
				84EBE06A23848C040076A0EB /* CustomerMenuViewController.swift in Sources */,
				84A9AFF2238AFA49005C44A0 /* FBManager.swift in Sources */,
				848A0F91238AB56300291110 /* OrderViewController.swift in Sources */,
				84793C30238C5E7600441E71 /* Constants.swift in Sources */,
				84EBE068238483370076A0EB /* RestaurantViewController.swift in Sources */,
				84793C2E238C508600441E71 /* APIManager.swift in Sources */,
				84EBE033238172050076A0EB /* AppDelegate.swift in Sources */,
				84EBE035238172050076A0EB /* SceneDelegate.swift in Sources */,
				848A945923872CA600BA4C98 /* TrayViewController.swift in Sources */,
				84EBE06C2385CD6A0076A0EB /* MealListTableViewController.swift in Sources */,
				84EBE06E2385DC8D0076A0EB /* MealDetailsViewController.swift in Sources */,
				848A0F8F238A9C8100291110 /* PaymentViewController.swift in Sources */,
				84EBE065238321DD0076A0EB /* SWRevealViewController.m in Sources */,
			);
			runOnlyForDeploymentPostprocessing = 0;
		};
		84EBE041238172060076A0EB /* Sources */ = {
			isa = PBXSourcesBuildPhase;
			buildActionMask = 2147483647;
			files = (
				84EBE04A238172060076A0EB /* FoodTaskerMobileTests.swift in Sources */,
			);
			runOnlyForDeploymentPostprocessing = 0;
		};
		84EBE04C238172060076A0EB /* Sources */ = {
			isa = PBXSourcesBuildPhase;
			buildActionMask = 2147483647;
			files = (
				84EBE055238172060076A0EB /* FoodTaskerMobileUITests.swift in Sources */,
			);
			runOnlyForDeploymentPostprocessing = 0;
		};
/* End PBXSourcesBuildPhase section */

/* Begin PBXTargetDependency section */
		84EBE047238172060076A0EB /* PBXTargetDependency */ = {
			isa = PBXTargetDependency;
			target = 84EBE02E238172050076A0EB /* FoodTaskerMobile */;
			targetProxy = 84EBE046238172060076A0EB /* PBXContainerItemProxy */;
		};
		84EBE052238172060076A0EB /* PBXTargetDependency */ = {
			isa = PBXTargetDependency;
			target = 84EBE02E238172050076A0EB /* FoodTaskerMobile */;
			targetProxy = 84EBE051238172060076A0EB /* PBXContainerItemProxy */;
		};
/* End PBXTargetDependency section */

/* Begin PBXVariantGroup section */
		84EBE038238172050076A0EB /* Main.storyboard */ = {
			isa = PBXVariantGroup;
			children = (
				84EBE039238172050076A0EB /* Base */,
			);
			name = Main.storyboard;
			sourceTree = "<group>";
		};
		84EBE03D238172060076A0EB /* LaunchScreen.storyboard */ = {
			isa = PBXVariantGroup;
			children = (
				84EBE03E238172060076A0EB /* Base */,
			);
			name = LaunchScreen.storyboard;
			sourceTree = "<group>";
		};
/* End PBXVariantGroup section */

/* Begin XCBuildConfiguration section */
		84EBE057238172060076A0EB /* Debug */ = {
			isa = XCBuildConfiguration;
			buildSettings = {
				ALWAYS_SEARCH_USER_PATHS = NO;
				CLANG_ANALYZER_NONNULL = YES;
				CLANG_ANALYZER_NUMBER_OBJECT_CONVERSION = YES_AGGRESSIVE;
				CLANG_CXX_LANGUAGE_STANDARD = "gnu++14";
				CLANG_CXX_LIBRARY = "libc++";
				CLANG_ENABLE_MODULES = YES;
				CLANG_ENABLE_OBJC_ARC = YES;
				CLANG_ENABLE_OBJC_WEAK = YES;
				CLANG_WARN_BLOCK_CAPTURE_AUTORELEASING = YES;
				CLANG_WARN_BOOL_CONVERSION = YES;
				CLANG_WARN_COMMA = YES;
				CLANG_WARN_CONSTANT_CONVERSION = YES;
				CLANG_WARN_DEPRECATED_OBJC_IMPLEMENTATIONS = YES;
				CLANG_WARN_DIRECT_OBJC_ISA_USAGE = YES_ERROR;
				CLANG_WARN_DOCUMENTATION_COMMENTS = YES;
				CLANG_WARN_EMPTY_BODY = YES;
				CLANG_WARN_ENUM_CONVERSION = YES;
				CLANG_WARN_INFINITE_RECURSION = YES;
				CLANG_WARN_INT_CONVERSION = YES;
				CLANG_WARN_NON_LITERAL_NULL_CONVERSION = YES;
				CLANG_WARN_OBJC_IMPLICIT_RETAIN_SELF = YES;
				CLANG_WARN_OBJC_LITERAL_CONVERSION = YES;
				CLANG_WARN_OBJC_ROOT_CLASS = YES_ERROR;
				CLANG_WARN_RANGE_LOOP_ANALYSIS = YES;
				CLANG_WARN_STRICT_PROTOTYPES = YES;
				CLANG_WARN_SUSPICIOUS_MOVE = YES;
				CLANG_WARN_UNGUARDED_AVAILABILITY = YES_AGGRESSIVE;
				CLANG_WARN_UNREACHABLE_CODE = YES;
				CLANG_WARN__DUPLICATE_METHOD_MATCH = YES;
				COPY_PHASE_STRIP = NO;
				DEBUG_INFORMATION_FORMAT = dwarf;
				ENABLE_STRICT_OBJC_MSGSEND = YES;
				ENABLE_TESTABILITY = YES;
				GCC_C_LANGUAGE_STANDARD = gnu11;
				GCC_DYNAMIC_NO_PIC = NO;
				GCC_NO_COMMON_BLOCKS = YES;
				GCC_OPTIMIZATION_LEVEL = 0;
				GCC_PREPROCESSOR_DEFINITIONS = (
					"DEBUG=1",
					"$(inherited)",
				);
				GCC_WARN_64_TO_32_BIT_CONVERSION = YES;
				GCC_WARN_ABOUT_RETURN_TYPE = YES_ERROR;
				GCC_WARN_UNDECLARED_SELECTOR = YES;
				GCC_WARN_UNINITIALIZED_AUTOS = YES_AGGRESSIVE;
				GCC_WARN_UNUSED_FUNCTION = YES;
				GCC_WARN_UNUSED_VARIABLE = YES;
				IPHONEOS_DEPLOYMENT_TARGET = 13.2;
				MTL_ENABLE_DEBUG_INFO = INCLUDE_SOURCE;
				MTL_FAST_MATH = YES;
				ONLY_ACTIVE_ARCH = YES;
				SDKROOT = iphoneos;
				SWIFT_ACTIVE_COMPILATION_CONDITIONS = DEBUG;
				SWIFT_OPTIMIZATION_LEVEL = "-Onone";
			};
			name = Debug;
		};
		84EBE058238172060076A0EB /* Release */ = {
			isa = XCBuildConfiguration;
			buildSettings = {
				ALWAYS_SEARCH_USER_PATHS = NO;
				CLANG_ANALYZER_NONNULL = YES;
				CLANG_ANALYZER_NUMBER_OBJECT_CONVERSION = YES_AGGRESSIVE;
				CLANG_CXX_LANGUAGE_STANDARD = "gnu++14";
				CLANG_CXX_LIBRARY = "libc++";
				CLANG_ENABLE_MODULES = YES;
				CLANG_ENABLE_OBJC_ARC = YES;
				CLANG_ENABLE_OBJC_WEAK = YES;
				CLANG_WARN_BLOCK_CAPTURE_AUTORELEASING = YES;
				CLANG_WARN_BOOL_CONVERSION = YES;
				CLANG_WARN_COMMA = YES;
				CLANG_WARN_CONSTANT_CONVERSION = YES;
				CLANG_WARN_DEPRECATED_OBJC_IMPLEMENTATIONS = YES;
				CLANG_WARN_DIRECT_OBJC_ISA_USAGE = YES_ERROR;
				CLANG_WARN_DOCUMENTATION_COMMENTS = YES;
				CLANG_WARN_EMPTY_BODY = YES;
				CLANG_WARN_ENUM_CONVERSION = YES;
				CLANG_WARN_INFINITE_RECURSION = YES;
				CLANG_WARN_INT_CONVERSION = YES;
				CLANG_WARN_NON_LITERAL_NULL_CONVERSION = YES;
				CLANG_WARN_OBJC_IMPLICIT_RETAIN_SELF = YES;
				CLANG_WARN_OBJC_LITERAL_CONVERSION = YES;
				CLANG_WARN_OBJC_ROOT_CLASS = YES_ERROR;
				CLANG_WARN_RANGE_LOOP_ANALYSIS = YES;
				CLANG_WARN_STRICT_PROTOTYPES = YES;
				CLANG_WARN_SUSPICIOUS_MOVE = YES;
				CLANG_WARN_UNGUARDED_AVAILABILITY = YES_AGGRESSIVE;
				CLANG_WARN_UNREACHABLE_CODE = YES;
				CLANG_WARN__DUPLICATE_METHOD_MATCH = YES;
				COPY_PHASE_STRIP = NO;
				DEBUG_INFORMATION_FORMAT = "dwarf-with-dsym";
				ENABLE_NS_ASSERTIONS = NO;
				ENABLE_STRICT_OBJC_MSGSEND = YES;
				GCC_C_LANGUAGE_STANDARD = gnu11;
				GCC_NO_COMMON_BLOCKS = YES;
				GCC_WARN_64_TO_32_BIT_CONVERSION = YES;
				GCC_WARN_ABOUT_RETURN_TYPE = YES_ERROR;
				GCC_WARN_UNDECLARED_SELECTOR = YES;
				GCC_WARN_UNINITIALIZED_AUTOS = YES_AGGRESSIVE;
				GCC_WARN_UNUSED_FUNCTION = YES;
				GCC_WARN_UNUSED_VARIABLE = YES;
				IPHONEOS_DEPLOYMENT_TARGET = 13.2;
				MTL_ENABLE_DEBUG_INFO = NO;
				MTL_FAST_MATH = YES;
				SDKROOT = iphoneos;
				SWIFT_COMPILATION_MODE = wholemodule;
				SWIFT_OPTIMIZATION_LEVEL = "-O";
				VALIDATE_PRODUCT = YES;
			};
			name = Release;
		};
		84EBE05A238172060076A0EB /* Debug */ = {
			isa = XCBuildConfiguration;
			baseConfigurationReference = 6470FA2743EA1C383BF75B81 /* Pods-FoodTaskerMobile.debug.xcconfig */;
			buildSettings = {
				ALWAYS_EMBED_SWIFT_STANDARD_LIBRARIES = "$(inherited)";
				ALWAYS_SEARCH_USER_PATHS = "$(inherited)";
				ASSETCATALOG_COMPILER_APPICON_NAME = AppIcon;
				CLANG_ENABLE_MODULES = YES;
				CODE_SIGN_ENTITLEMENTS = FoodTaskerMobile/FoodTaskerMobileDebug.entitlements;
				CODE_SIGN_STYLE = Automatic;
				INFOPLIST_FILE = FoodTaskerMobile/Info.plist;
				LD_RUNPATH_SEARCH_PATHS = (
					"$(inherited)",
					"@executable_path/Frameworks",
				);
				PRODUCT_BUNDLE_IDENTIFIER = splitco.FoodTaskerMobile;
				PRODUCT_NAME = "$(TARGET_NAME)";
				SWIFT_OBJC_BRIDGING_HEADER = "FoodTaskerMobile/Lib/FoodTaskerMobile-Bridging-Header.h";
				SWIFT_OPTIMIZATION_LEVEL = "-Onone";
				SWIFT_VERSION = 5.0;
				TARGETED_DEVICE_FAMILY = "1,2";
			};
			name = Debug;
		};
		84EBE05B238172060076A0EB /* Release */ = {
			isa = XCBuildConfiguration;
			baseConfigurationReference = 5AFB7A5F15C1C6EE94C77C79 /* Pods-FoodTaskerMobile.release.xcconfig */;
			buildSettings = {
				ALWAYS_EMBED_SWIFT_STANDARD_LIBRARIES = "$(inherited)";
				ALWAYS_SEARCH_USER_PATHS = "$(inherited)";
				ASSETCATALOG_COMPILER_APPICON_NAME = AppIcon;
				CLANG_ENABLE_MODULES = YES;
				CODE_SIGN_STYLE = Automatic;
				INFOPLIST_FILE = FoodTaskerMobile/Info.plist;
				LD_RUNPATH_SEARCH_PATHS = (
					"$(inherited)",
					"@executable_path/Frameworks",
				);
				PRODUCT_BUNDLE_IDENTIFIER = splitco.FoodTaskerMobile;
				PRODUCT_NAME = "$(TARGET_NAME)";
				SWIFT_OBJC_BRIDGING_HEADER = "FoodTaskerMobile/Lib/FoodTaskerMobile-Bridging-Header.h";
				SWIFT_VERSION = 5.0;
				TARGETED_DEVICE_FAMILY = "1,2";
			};
			name = Release;
		};
		84EBE05D238172060076A0EB /* Debug */ = {
			isa = XCBuildConfiguration;
			baseConfigurationReference = 0EEF4848B812B1CB0EFD3D51 /* Pods-FoodTaskerMobileTests.debug.xcconfig */;
			buildSettings = {
				ALWAYS_EMBED_SWIFT_STANDARD_LIBRARIES = YES;
				BUNDLE_LOADER = "$(TEST_HOST)";
				CODE_SIGN_STYLE = Automatic;
				INFOPLIST_FILE = FoodTaskerMobileTests/Info.plist;
				IPHONEOS_DEPLOYMENT_TARGET = 13.2;
				LD_RUNPATH_SEARCH_PATHS = (
					"$(inherited)",
					"@executable_path/Frameworks",
					"@loader_path/Frameworks",
				);
				PRODUCT_BUNDLE_IDENTIFIER = splitco.FoodTaskerMobileTests;
				PRODUCT_NAME = "$(TARGET_NAME)";
				SWIFT_VERSION = 5.0;
				TARGETED_DEVICE_FAMILY = "1,2";
				TEST_HOST = "$(BUILT_PRODUCTS_DIR)/FoodTaskerMobile.app/FoodTaskerMobile";
			};
			name = Debug;
		};
		84EBE05E238172060076A0EB /* Release */ = {
			isa = XCBuildConfiguration;
			baseConfigurationReference = 3A333E213AA4EE2E11074FF1 /* Pods-FoodTaskerMobileTests.release.xcconfig */;
			buildSettings = {
				ALWAYS_EMBED_SWIFT_STANDARD_LIBRARIES = YES;
				BUNDLE_LOADER = "$(TEST_HOST)";
				CODE_SIGN_STYLE = Automatic;
				INFOPLIST_FILE = FoodTaskerMobileTests/Info.plist;
				IPHONEOS_DEPLOYMENT_TARGET = 13.2;
				LD_RUNPATH_SEARCH_PATHS = (
					"$(inherited)",
					"@executable_path/Frameworks",
					"@loader_path/Frameworks",
				);
				PRODUCT_BUNDLE_IDENTIFIER = splitco.FoodTaskerMobileTests;
				PRODUCT_NAME = "$(TARGET_NAME)";
				SWIFT_VERSION = 5.0;
				TARGETED_DEVICE_FAMILY = "1,2";
				TEST_HOST = "$(BUILT_PRODUCTS_DIR)/FoodTaskerMobile.app/FoodTaskerMobile";
			};
			name = Release;
		};
		84EBE060238172060076A0EB /* Debug */ = {
			isa = XCBuildConfiguration;
			baseConfigurationReference = F7B431559D17242E80B12220 /* Pods-FoodTaskerMobile-FoodTaskerMobileUITests.debug.xcconfig */;
			buildSettings = {
				ALWAYS_EMBED_SWIFT_STANDARD_LIBRARIES = YES;
				CODE_SIGN_STYLE = Automatic;
				INFOPLIST_FILE = FoodTaskerMobileUITests/Info.plist;
				LD_RUNPATH_SEARCH_PATHS = (
					"$(inherited)",
					"@executable_path/Frameworks",
					"@loader_path/Frameworks",
				);
				PRODUCT_BUNDLE_IDENTIFIER = splitco.FoodTaskerMobileUITests;
				PRODUCT_NAME = "$(TARGET_NAME)";
				SWIFT_VERSION = 5.0;
				TARGETED_DEVICE_FAMILY = "1,2";
				TEST_TARGET_NAME = FoodTaskerMobile;
			};
			name = Debug;
		};
		84EBE061238172060076A0EB /* Release */ = {
			isa = XCBuildConfiguration;
			baseConfigurationReference = D7533C04250530A678E699A0 /* Pods-FoodTaskerMobile-FoodTaskerMobileUITests.release.xcconfig */;
			buildSettings = {
				ALWAYS_EMBED_SWIFT_STANDARD_LIBRARIES = YES;
				CODE_SIGN_STYLE = Automatic;
				INFOPLIST_FILE = FoodTaskerMobileUITests/Info.plist;
				LD_RUNPATH_SEARCH_PATHS = (
					"$(inherited)",
					"@executable_path/Frameworks",
					"@loader_path/Frameworks",
				);
				PRODUCT_BUNDLE_IDENTIFIER = splitco.FoodTaskerMobileUITests;
				PRODUCT_NAME = "$(TARGET_NAME)";
				SWIFT_VERSION = 5.0;
				TARGETED_DEVICE_FAMILY = "1,2";
				TEST_TARGET_NAME = FoodTaskerMobile;
			};
			name = Release;
		};
/* End XCBuildConfiguration section */

/* Begin XCConfigurationList section */
		84EBE02A238172050076A0EB /* Build configuration list for PBXProject "FoodTaskerMobile" */ = {
			isa = XCConfigurationList;
			buildConfigurations = (
				84EBE057238172060076A0EB /* Debug */,
				84EBE058238172060076A0EB /* Release */,
			);
			defaultConfigurationIsVisible = 0;
			defaultConfigurationName = Release;
		};
		84EBE059238172060076A0EB /* Build configuration list for PBXNativeTarget "FoodTaskerMobile" */ = {
			isa = XCConfigurationList;
			buildConfigurations = (
				84EBE05A238172060076A0EB /* Debug */,
				84EBE05B238172060076A0EB /* Release */,
			);
			defaultConfigurationIsVisible = 0;
			defaultConfigurationName = Release;
		};
		84EBE05C238172060076A0EB /* Build configuration list for PBXNativeTarget "FoodTaskerMobileTests" */ = {
			isa = XCConfigurationList;
			buildConfigurations = (
				84EBE05D238172060076A0EB /* Debug */,
				84EBE05E238172060076A0EB /* Release */,
			);
			defaultConfigurationIsVisible = 0;
			defaultConfigurationName = Release;
		};
		84EBE05F238172060076A0EB /* Build configuration list for PBXNativeTarget "FoodTaskerMobileUITests" */ = {
			isa = XCConfigurationList;
			buildConfigurations = (
				84EBE060238172060076A0EB /* Debug */,
				84EBE061238172060076A0EB /* Release */,
			);
			defaultConfigurationIsVisible = 0;
			defaultConfigurationName = Release;
		};
/* End XCConfigurationList section */
	};
	rootObject = 84EBE027238172050076A0EB /* Project object */;
}
